github.com/go-sql-driver/mysql v1.5.0 h1:ozyZYNQW3x3HtqT1jira07DN2PArx2v7/mN66gGcHOs=
github.com/go-sql-driver/mysql v1.5.0/go.mod h1:DCzpHaOWr8IXmIStZouvnhqoel9Qv2LBy8hT2VhHyBg=
github.com/raphael-rabadan/gohtml v0.0.0-20210310235026-163e8daaa69d h1:qmzgFokYZM1Ny+PTINN0Nu/2xcWc1AIaTmogbqOCta0=
github.com/raphael-rabadan/gohtml v0.0.0-20210310235026-163e8daaa69d/go.mod h1:nJiCA11X9QoFrewFJebYhZXaxZAqk9kTPXtQpN9Yklw=
